
Microsoft Visual Studio Solution File, Format Version 12.00
# Visual Studio Version 16
VisualStudioVersion = 16.0.31313.79
MinimumVisualStudioVersion = 10.0.40219.1
Project("{FAE04EC0-301F-11D3-BF4B-00C04F79EFBC}") = "Console_calc", "Console_calc\Console_calc.csproj", "{5833302B-BD09-42C3-B8D5-958EEFA058D9}"
EndProject
Global
	GlobalSection(SolutionConfigurationPlatforms) = preSolution
		Debug|Any CPU = Debug|Any CPU
		Release|Any CPU = Release|Any CPU
	EndGlobalSection
	GlobalSection(ProjectConfigurationPlatforms) = postSolution
		{5833302B-BD09-42C3-B8D5-958EEFA058D9}.Debug|Any CPU.ActiveCfg = Debug|Any CPU
		{5833302B-BD09-42C3-B8D5-958EEFA058D9}.Debug|Any CPU.Build.0 = Debug|Any CPU
		{5833302B-BD09-42C3-B8D5-958EEFA058D9}.Release|Any CPU.ActiveCfg = Release|Any CPU
		{5833302B-BD09-42C3-B8D5-958EEFA058D9}.Release|Any CPU.Build.0 = Release|Any CPU
	EndGlobalSection
	GlobalSection(SolutionProperties) = preSolution
		HideSolutionNode = FALSE
	EndGlobalSection
	GlobalSection(ExtensibilityGlobals) = postSolution
		SolutionGuid = {B0A66CEF-6739-4352-A37B-280108066BD3}
	EndGlobalSection
EndGlobal
